{
  "name": "hsoulutions-neon-integration",
  "version": "1.0.0",
  "lockfileVersion": 3,
  "requires": true,
  "packages": {
    "": {
      "name": "hsoulutions-neon-integration",
      "version": "1.0.0",
      "license": "Commercial",
      "dependencies": {
        "@neondatabase/serverless": "^0.9.0",
        "dotenv": "^16.3.1",
        "ws": "^8.14.0"
      },
      "devDependencies": {
        "netlify-cli": "^16.0.0"
      },
      "engines": {
        "node": ">=18.0.0"
      }
    },
    "node_modules/@neondatabase/serverless": {
      "version": "0.9.5",
      "resolved": "https://registry.npmjs.org/@neondatabase/serverless/-/serverless-0.9.5.tgz",
      "integrity": "sha512-siFas6gItqv6wD/pZnvdu34wEqgG3nSE6zWZdq5j2DEsa+VvX8i/5HXJOo06qrw5axPXn+lGCxeR+NLaSPIXug==",
      "license": "MIT",
      "dependencies": {
        "@types/pg": "8.11.6"
      }
    },
    "node_modules/@types/node": {
      "version": "24.10.1",
      "resolved": "https://registry.npmjs.org/@types/node/-/node-24.10.1.tgz",
      "integrity": "sha512-GNWcUTRBgIRJD5zj+Tq0fKOJ5XZajIiBroOF0yvj2bSU1WvNdYS/dn9UxwsujGW4JX06dnHyjV2y9rRaybH0iQ==",
      "license": "MIT",
      "dependencies": {
        "undici-types": "~7.16.0"
      }
    },
    "node_modules/@types/pg": {
      "version": "8.11.6",
      "resolved": "https://registry.npmjs.org/@types/pg/-/pg-8.11.6.tgz",
      "integrity": "sha512-/2WmmBXHLsfRqzfHW7BNZ8SbYzE8OSk7i3WjFYvfgRHj7S1xj+16Je5fUKv3lVdVzk/zn9TXOqf+avFCFIE0yQ==",
      "license": "MIT",
      "dependencies": {
        "@types/node": "*",
        "pg-protocol": "*",
        "pg-types": "^4.0.1"
      }
    },
    "node_modules/dotenv": {
      "version": "16.6.1",
      "resolved": "https://registry.npmjs.org/dotenv/-/dotenv-16.6.1.tgz",
      "integrity": "sha512-uBq4egWHTcTt33a72vpSG0z3HnPuIl6NqYcTrKEg2azoEyl2hpW0zqlxysq2pK9HlDIHyHyakeYaYnSAwd8bow==",
      "license": "BSD-2-Clause",
      "engines": {
        "node": ">=12"
      },
      "funding": {
        "url": "https://dotenvx.com"
      }
    },
    "node_modules/netlify-cli": {
      "version": "16.9.3",
      "resolved": "https://registry.npmjs.org/netlify-cli/-/netlify-cli-16.9.3.tgz",
      "integrity": "sha512-BsdDMUSzURdAwvda5+tETWFZc+eBTV8h4a9Vto92f5JN8x2nky5WRvniajMm2S2zq+tXlSYUHi98jwIC4B5kTw==",
      "dev": true,
      "hasInstallScript": true,
      "hasShrinkwrap": true,
      "license": "MIT",
      "dependencies": {
        "@bugsnag/js": "7.20.2",
        "@fastify/static": "6.10.2",
        "@netlify/build": "29.23.4",
        "@netlify/build-info": "7.10.1",
        "@netlify/config": "20.9.0",
        "@netlify/edge-bundler": "9.4.1",
        "@netlify/local-functions-proxy": "1.1.1",
        "@netlify/zip-it-and-ship-it": "9.25.4",
        "@octokit/rest": "19.0.13",
        "ansi-escapes": "6.2.0",
        "ansi-styles": "6.2.1",
        "ansi-to-html": "0.7.2",
        "ascii-table": "0.0.9",
        "backoff": "2.5.0",
        "better-opn": "3.0.2",
        "boxen": "7.1.1",
        "chalk": "5.2.0",
        "chokidar": "3.5.3",
        "ci-info": "3.8.0",
        "clean-deep": "3.4.0",
        "commander": "10.0.1",
        "comment-json": "4.2.3",
        "concordance": "5.0.4",
        "configstore": "6.0.0",
        "content-type": "1.0.5",
        "cookie": "0.5.0",
        "copy-template-dir": "1.4.0",
        "cron-parser": "4.8.1",
        "debug": "4.3.4",
        "decache": "4.6.2",
        "dot-prop": "7.2.0",
        "dotenv": "16.0.3",
        "env-paths": "3.0.0",
        "envinfo": "7.8.1",
        "etag": "1.8.1",
        "execa": "5.1.1",
        "express": "4.18.2",
        "express-logging": "1.1.1",
        "extract-zip": "2.0.1",
        "fastest-levenshtein": "1.0.16",
        "fastify": "4.17.0",
        "find-up": "6.3.0",
        "flush-write-stream": "2.0.0",
        "folder-walker": "3.2.0",
        "from2-array": "0.0.4",
        "fuzzy": "0.1.3",
        "get-port": "5.1.1",
        "gh-release-fetch": "4.0.3",
        "git-repo-info": "2.1.1",
        "gitconfiglocal": "2.1.0",
        "hasbin": "1.2.3",
        "hasha": "5.2.2",
        "http-proxy": "1.18.1",
        "http-proxy-middleware": "2.0.6",
        "https-proxy-agent": "5.0.1",
        "inquirer": "6.5.2",
        "inquirer-autocomplete-prompt": "1.4.0",
        "is-docker": "3.0.0",
        "is-stream": "3.0.0",
        "is-wsl": "2.2.0",
        "isexe": "2.0.0",
        "js-yaml": "^4.1.0",
        "jsonwebtoken": "9.0.1",
        "jwt-decode": "3.1.2",
        "lambda-local": "2.1.2",
        "listr": "0.14.3",
        "locate-path": "7.2.0",
        "lodash": "4.17.21",
        "log-symbols": "5.1.0",
        "log-update": "5.0.1",
        "minimist": "1.2.8",
        "multiparty": "4.2.3",
        "netlify": "13.1.10",
        "netlify-headers-parser": "7.1.2",
        "netlify-redirect-parser": "14.2.0",
        "netlify-redirector": "0.5.0",
        "node-fetch": "2.6.12",
        "node-version-alias": "3.4.1",
        "ora": "6.3.1",
        "p-filter": "3.0.0",
        "p-map": "5.5.0",
        "p-wait-for": "5.0.2",
        "parallel-transform": "1.2.0",
        "parse-github-url": "1.0.2",
        "parse-gitignore": "2.0.0",
        "path-key": "4.0.0",
        "prettyjson": "1.2.5",
        "pump": "3.0.0",
        "raw-body": "2.5.2",
        "read-pkg-up": "9.1.0",
        "semver": "7.5.4",
        "source-map-support": "0.5.21",
        "strip-ansi-control-characters": "2.0.0",
        "tabtab": "3.0.2",
        "tempy": "3.0.0",
        "terminal-link": "3.0.0",
        "through2-filter": "3.0.0",
        "through2-map": "3.0.0",
        "to-readable-stream": "3.0.0",
        "toml": "3.0.0",
        "ulid": "2.3.0",
        "unixify": "1.0.0",
        "update-notifier": "6.0.2",
        "uuid": "9.0.0",
        "wait-port": "1.0.4",
        "write-file-atomic": "5.0.1",
        "zod": "^3.22.4"
      },
      "bin": {
        "netlify": "bin/run.mjs",
        "ntl": "bin/run.mjs"
      },
      "engines": {
        "node": ">=16.16.0"
      }
    },
    "node_modules/obuf": {
      "version": "1.1.2",
      "resolved": "https://registry.npmjs.org/obuf/-/obuf-1.1.2.tgz",
      "integrity": "sha512-PX1wu0AmAdPqOL1mWhqmlOd8kOIZQwGZw6rh7uby9fTc5lhaOWFLX3I6R1hrF9k3zUY40e6igsLGkDXK92LJNg==",
      "license": "MIT"
    },
    "node_modules/pg-int8": {
      "version": "1.0.1",
      "resolved": "https://registry.npmjs.org/pg-int8/-/pg-int8-1.0.1.tgz",
      "integrity": "sha512-WCtabS6t3c8SkpDBUlb1kjOs7l66xsGdKpIPZsg4wR+B3+u9UAum2odSsF9tnvxg80h4ZxLWMy4pRjOsFIqQpw==",
      "license": "ISC",
      "engines": {
        "node": ">=4.0.0"
      }
    },
    "node_modules/pg-numeric": {
      "version": "1.0.2",
      "resolved": "https://registry.npmjs.org/pg-numeric/-/pg-numeric-1.0.2.tgz",
      "integrity": "sha512-BM/Thnrw5jm2kKLE5uJkXqqExRUY/toLHda65XgFTBTFYZyopbKjBe29Ii3RbkvlsMoFwD+tHeGaCjjv0gHlyw==",
      "license": "ISC",
      "engines": {
        "node": ">=4"
      }
    },
    "node_modules/pg-protocol": {
      "version": "1.10.3",
      "resolved": "https://registry.npmjs.org/pg-protocol/-/pg-protocol-1.10.3.tgz",
      "integrity": "sha512-6DIBgBQaTKDJyxnXaLiLR8wBpQQcGWuAESkRBX/t6OwA8YsqP+iVSiond2EDy6Y/dsGk8rh/jtax3js5NeV7JQ==",
      "license": "MIT"
    },
    "node_modules/pg-types": {
      "version": "4.1.0",
      "resolved": "https://registry.npmjs.org/pg-types/-/pg-types-4.1.0.tgz",
      "integrity": "sha512-o2XFanIMy/3+mThw69O8d4n1E5zsLhdO+OPqswezu7Z5ekP4hYDqlDjlmOpYMbzY2Br0ufCwJLdDIXeNVwcWFg==",
      "license": "MIT",
      "dependencies": {
        "pg-int8": "1.0.1",
        "pg-numeric": "1.0.2",
        "postgres-array": "~3.0.1",
        "postgres-bytea": "~3.0.0",
        "postgres-date": "~2.1.0",
        "postgres-interval": "^3.0.0",
        "postgres-range": "^1.1.1"
      },
      "engines": {
        "node": ">=10"
      }
    },
    "node_modules/postgres-array": {
      "version": "3.0.4",
      "resolved": "https://registry.npmjs.org/postgres-array/-/postgres-array-3.0.4.tgz",
      "integrity": "sha512-nAUSGfSDGOaOAEGwqsRY27GPOea7CNipJPOA7lPbdEpx5Kg3qzdP0AaWC5MlhTWV9s4hFX39nomVZ+C4tnGOJQ==",
      "license": "MIT",
      "engines": {
        "node": ">=12"
      }
    },
    "node_modules/postgres-bytea": {
      "version": "3.0.0",
      "resolved": "https://registry.npmjs.org/postgres-bytea/-/postgres-bytea-3.0.0.tgz",
      "integrity": "sha512-CNd4jim9RFPkObHSjVHlVrxoVQXz7quwNFpz7RY1okNNme49+sVyiTvTRobiLV548Hx/hb1BG+iE7h9493WzFw==",
      "license": "MIT",
      "dependencies": {
        "obuf": "~1.1.2"
      },
      "engines": {
        "node": ">= 6"
      }
    },
    "node_modules/postgres-date": {
      "version": "2.1.0",
      "resolved": "https://registry.npmjs.org/postgres-date/-/postgres-date-2.1.0.tgz",
      "integrity": "sha512-K7Juri8gtgXVcDfZttFKVmhglp7epKb1K4pgrkLxehjqkrgPhfG6OO8LHLkfaqkbpjNRnra018XwAr1yQFWGcA==",
      "license": "MIT",
      "engines": {
        "node": ">=12"
      }
    },
    "node_modules/postgres-interval": {
      "version": "3.0.0",
      "resolved": "https://registry.npmjs.org/postgres-interval/-/postgres-interval-3.0.0.tgz",
      "integrity": "sha512-BSNDnbyZCXSxgA+1f5UU2GmwhoI0aU5yMxRGO8CdFEcY2BQF9xm/7MqKnYoM1nJDk8nONNWDk9WeSmePFhQdlw==",
      "license": "MIT",
      "engines": {
        "node": ">=12"
      }
    },
    "node_modules/postgres-range": {
      "version": "1.1.4",
      "resolved": "https://registry.npmjs.org/postgres-range/-/postgres-range-1.1.4.tgz",
      "integrity": "sha512-i/hbxIE9803Alj/6ytL7UHQxRvZkI9O4Sy+J3HGc4F4oo/2eQAjTSNJ0bfxyse3bH0nuVesCk+3IRLaMtG3H6w==",
      "license": "MIT"
    },
    "node_modules/undici-types": {
      "version": "7.16.0",
      "resolved": "https://registry.npmjs.org/undici-types/-/undici-types-7.16.0.tgz",
      "integrity": "sha512-Zz+aZWSj8LE6zoxD+xrjh4VfkIG8Ya6LvYkZqtUQGJPZjYl53ypCaUwWqo7eI0x66KBGeRo+mlBEkMSeSZ38Nw==",
      "license": "MIT"
    },
    "node_modules/ws": {
      "version": "8.18.3",
      "resolved": "https://registry.npmjs.org/ws/-/ws-8.18.3.tgz",
      "integrity": "sha512-PEIGCY5tSlUt50cqyMXfCzX+oOPqN0vuGqWzbcJ2xvnkzkq46oOpz7dQaTDBdfICb4N14+GARUDw2XV2N4tvzg==",
      "license": "MIT",
      "engines": {
        "node": ">=10.0.0"
      },
      "peerDependencies": {
        "bufferutil": "^4.0.1",
        "utf-8-validate": ">=5.0.2"
      },
      "peerDependenciesMeta": {
        "bufferutil": {
          "optional": true
        },
        "utf-8-validate": {
          "optional": true
        }
      }
    }
  }
}
